// !$*UTF8*$!
{
	archiveVersion = 1;
	classes = {
	};
	objectVersion = 50;
	objects = {

/* Begin PBXBuildFile section */
		9E6914DD25B37F7E0040DCBC /* HuisNowApp.swift in Sources */ = {isa = PBXBuildFile; fileRef = 9E6914DC25B37F7E0040DCBC /* HuisNowApp.swift */; };
		9E6914DF25B37F7E0040DCBC /* ContentView.swift in Sources */ = {isa = PBXBuildFile; fileRef = 9E6914DE25B37F7E0040DCBC /* ContentView.swift */; };
		9E6914E125B37F7E0040DCBC /* Assets.xcassets in Resources */ = {isa = PBXBuildFile; fileRef = 9E6914E025B37F7E0040DCBC /* Assets.xcassets */; };
		9E6914E425B37F7E0040DCBC /* Preview Assets.xcassets in Resources */ = {isa = PBXBuildFile; fileRef = 9E6914E325B37F7E0040DCBC /* Preview Assets.xcassets */; };
		9E6914F025B3865E0040DCBC /* Property.swift in Sources */ = {isa = PBXBuildFile; fileRef = 9E6914EF25B3865E0040DCBC /* Property.swift */; };
		9E6914F325B386F80040DCBC /* PropertyListView.swift in Sources */ = {isa = PBXBuildFile; fileRef = 9E6914F225B386F80040DCBC /* PropertyListView.swift */; };
		9E6914F925B48EFD0040DCBC /* View+Extensions.swift in Sources */ = {isa = PBXBuildFile; fileRef = 9E6914F825B48EFD0040DCBC /* View+Extensions.swift */; };
		9E6914FD25B492590040DCBC /* Image+Extensions.swift in Sources */ = {isa = PBXBuildFile; fileRef = 9E6914FC25B492590040DCBC /* Image+Extensions.swift */; };
/* End PBXBuildFile section */

/* Begin PBXFileReference section */
		9E6914D925B37F7E0040DCBC /* HuisNow.app */ = {isa = PBXFileReference; explicitFileType = wrapper.application; includeInIndex = 0; path = HuisNow.app; sourceTree = BUILT_PRODUCTS_DIR; };
		9E6914DC25B37F7E0040DCBC /* HuisNowApp.swift */ = {isa = PBXFileReference; lastKnownFileType = sourcecode.swift; path = HuisNowApp.swift; sourceTree = "<group>"; };
		9E6914DE25B37F7E0040DCBC /* ContentView.swift */ = {isa = PBXFileReference; lastKnownFileType = sourcecode.swift; path = ContentView.swift; sourceTree = "<group>"; };
		9E6914E025B37F7E0040DCBC /* Assets.xcassets */ = {isa = PBXFileReference; lastKnownFileType = folder.assetcatalog; path = Assets.xcassets; sourceTree = "<group>"; };
		9E6914E325B37F7E0040DCBC /* Preview Assets.xcassets */ = {isa = PBXFileReference; lastKnownFileType = folder.assetcatalog; path = "Preview Assets.xcassets"; sourceTree = "<group>"; };
		9E6914E525B37F7E0040DCBC /* Info.plist */ = {isa = PBXFileReference; lastKnownFileType = text.plist.xml; path = Info.plist; sourceTree = "<group>"; };
		9E6914EF25B3865E0040DCBC /* Property.swift */ = {isa = PBXFileReference; lastKnownFileType = sourcecode.swift; path = Property.swift; sourceTree = SOURCE_ROOT; };
		9E6914F225B386F80040DCBC /* PropertyListView.swift */ = {isa = PBXFileReference; lastKnownFileType = sourcecode.swift; path = PropertyListView.swift; sourceTree = "<group>"; };
		9E6914F825B48EFD0040DCBC /* View+Extensions.swift */ = {isa = PBXFileReference; lastKnownFileType = sourcecode.swift; path = "View+Extensions.swift"; sourceTree = "<group>"; };
		9E6914FC25B492590040DCBC /* Image+Extensions.swift */ = {isa = PBXFileReference; lastKnownFileType = sourcecode.swift; path = "Image+Extensions.swift"; sourceTree = "<group>"; };
/* End PBXFileReference section */

/* Begin PBXFrameworksBuildPhase section */
		9E6914D625B37F7D0040DCBC /* Frameworks */ = {
			isa = PBXFrameworksBuildPhase;
			buildActionMask = 2147483647;
			files = (
			);
			runOnlyForDeploymentPostprocessing = 0;
		};
/* End PBXFrameworksBuildPhase section */

/* Begin PBXGroup section */
		9E6914D025B37F7D0040DCBC = {
			isa = PBXGroup;
			children = (
				9E6914DB25B37F7E0040DCBC /* HuisNow */,
				9E6914DA25B37F7E0040DCBC /* Products */,
			);
			sourceTree = "<group>";
		};
		9E6914DA25B37F7E0040DCBC /* Products */ = {
			isa = PBXGroup;
			children = (
				9E6914D925B37F7E0040DCBC /* HuisNow.app */,
			);
			name = Products;
			sourceTree = "<group>";
		};
		9E6914DB25B37F7E0040DCBC /* HuisNow */ = {
			isa = PBXGroup;
			children = (
				9E6914F725B48EF00040DCBC /* Extensions */,
				9E6914EE25B386550040DCBC /* Models */,
				9E6914ED25B3864F0040DCBC /* Views */,
				9E6914DC25B37F7E0040DCBC /* HuisNowApp.swift */,
				9E6914DE25B37F7E0040DCBC /* ContentView.swift */,
				9E6914E025B37F7E0040DCBC /* Assets.xcassets */,
				9E6914E525B37F7E0040DCBC /* Info.plist */,
				9E6914E225B37F7E0040DCBC /* Preview Content */,
			);
			path = HuisNow;
			sourceTree = "<group>";
		};
		9E6914E225B37F7E0040DCBC /* Preview Content */ = {
			isa = PBXGroup;
			children = (
				9E6914E325B37F7E0040DCBC /* Preview Assets.xcassets */,
			);
			path = "Preview Content";
			sourceTree = "<group>";
		};
		9E6914ED25B3864F0040DCBC /* Views */ = {
			isa = PBXGroup;
			children = (
				9E6914F225B386F80040DCBC /* PropertyListView.swift */,
			);
			path = Views;
			sourceTree = "<group>";
		};
		9E6914EE25B386550040DCBC /* Models */ = {
			isa = PBXGroup;
			children = (
				9E6914EF25B3865E0040DCBC /* Property.swift */,
			);
			path = Models;
			sourceTree = "<group>";
		};
		9E6914F725B48EF00040DCBC /* Extensions */ = {
			isa = PBXGroup;
			children = (
				9E6914F825B48EFD0040DCBC /* View+Extensions.swift */,
				9E6914FC25B492590040DCBC /* Image+Extensions.swift */,
			);
			path = Extensions;
			sourceTree = "<group>";
		};
/* End PBXGroup section */

/* Begin PBXNativeTarget section */
		9E6914D825B37F7D0040DCBC /* HuisNow */ = {
			isa = PBXNativeTarget;
			buildConfigurationList = 9E6914E825B37F7E0040DCBC /* Build configuration list for PBXNativeTarget "HuisNow" */;
			buildPhases = (
				9E6914D525B37F7D0040DCBC /* Sources */,
				9E6914D625B37F7D0040DCBC /* Frameworks */,
				9E6914D725B37F7D0040DCBC /* Resources */,
			);
			buildRules = (
			);
			dependencies = (
			);
			name = HuisNow;
			productName = HuisNow;
			productReference = 9E6914D925B37F7E0040DCBC /* HuisNow.app */;
			productType = "com.apple.product-type.application";
		};
/* End PBXNativeTarget section */

/* Begin PBXProject section */
		9E6914D125B37F7D0040DCBC /* Project object */ = {
			isa = PBXProject;
			attributes = {
				LastSwiftUpdateCheck = 1230;
				LastUpgradeCheck = 1230;
				TargetAttributes = {
					9E6914D825B37F7D0040DCBC = {
						CreatedOnToolsVersion = 12.3;
					};
				};
			};
			buildConfigurationList = 9E6914D425B37F7D0040DCBC /* Build configuration list for PBXProject "HuisNow" */;
			compatibilityVersion = "Xcode 9.3";
			developmentRegion = en;
			hasScannedForEncodings = 0;
			knownRegions = (
				en,
				Base,
			);
			mainGroup = 9E6914D025B37F7D0040DCBC;
			productRefGroup = 9E6914DA25B37F7E0040DCBC /* Products */;
			projectDirPath = "";
			projectRoot = "";
			targets = (
				9E6914D825B37F7D0040DCBC /* HuisNow */,
			);
		};
/* End PBXProject section */

/* Begin PBXResourcesBuildPhase section */
		9E6914D725B37F7D0040DCBC /* Resources */ = {
			isa = PBXResourcesBuildPhase;
			buildActionMask = 2147483647;
			files = (
				9E6914E425B37F7E0040DCBC /* Preview Assets.xcassets in Resources */,
				9E6914E125B37F7E0040DCBC /* Assets.xcassets in Resources */,
			);
			runOnlyForDeploymentPostprocessing = 0;
		};
/* End PBXResourcesBuildPhase section */

/* Begin PBXSourcesBuildPhase section */
		9E6914D525B37F7D0040DCBC /* Sources */ = {
			isa = PBXSourcesBuildPhase;
			buildActionMask = 2147483647;
			files = (
				9E6914F025B3865E0040DCBC /* Property.swift in Sources */,
				9E6914DF25B37F7E0040DCBC /* ContentView.swift in Sources */,
				9E6914F325B386F80040DCBC /* PropertyListView.swift in Sources */,
				9E6914FD25B492590040DCBC /* Image+Extensions.swift in Sources */,
				9E6914F925B48EFD0040DCBC /* View+Extensions.swift in Sources */,
				9E6914DD25B37F7E0040DCBC /* HuisNowApp.swift in Sources */,
			);
			runOnlyForDeploymentPostprocessing = 0;
		};
/* End PBXSourcesBuildPhase section */

/* Begin XCBuildConfiguration section */
		9E6914E625B37F7E0040DCBC /* Debug */ = {
			isa = XCBuildConfiguration;
			buildSettings = {
				ALWAYS_SEARCH_USER_PATHS = NO;
				CLANG_ANALYZER_NONNULL = YES;
				CLANG_ANALYZER_NUMBER_OBJECT_CONVERSION = YES_AGGRESSIVE;
				CLANG_CXX_LANGUAGE_STANDARD = "gnu++14";
				CLANG_CXX_LIBRARY = "libc++";
				CLANG_ENABLE_MODULES = YES;
				CLANG_ENABLE_OBJC_ARC = YES;
				CLANG_ENABLE_OBJC_WEAK = YES;
				CLANG_WARN_BLOCK_CAPTURE_AUTORELEASING = YES;
				CLANG_WARN_BOOL_CONVERSION = YES;
				CLANG_WARN_COMMA = YES;
				CLANG_WARN_CONSTANT_CONVERSION = YES;
				CLANG_WARN_DEPRECATED_OBJC_IMPLEMENTATIONS = YES;
				CLANG_WARN_DIRECT_OBJC_ISA_USAGE = YES_ERROR;
				CLANG_WARN_DOCUMENTATION_COMMENTS = YES;
				CLANG_WARN_EMPTY_BODY = YES;
				CLANG_WARN_ENUM_CONVERSION = YES;
				CLANG_WARN_INFINITE_RECURSION = YES;
				CLANG_WARN_INT_CONVERSION = YES;
				CLANG_WARN_NON_LITERAL_NULL_CONVERSION = YES;
				CLANG_WARN_OBJC_IMPLICIT_RETAIN_SELF = YES;
				CLANG_WARN_OBJC_LITERAL_CONVERSION = YES;
				CLANG_WARN_OBJC_ROOT_CLASS = YES_ERROR;
				CLANG_WARN_QUOTED_INCLUDE_IN_FRAMEWORK_HEADER = YES;
				CLANG_WARN_RANGE_LOOP_ANALYSIS = YES;
				CLANG_WARN_STRICT_PROTOTYPES = YES;
				CLANG_WARN_SUSPICIOUS_MOVE = YES;
				CLANG_WARN_UNGUARDED_AVAILABILITY = YES_AGGRESSIVE;
				CLANG_WARN_UNREACHABLE_CODE = YES;
				CLANG_WARN__DUPLICATE_METHOD_MATCH = YES;
				COPY_PHASE_STRIP = NO;
				DEBUG_INFORMATION_FORMAT = dwarf;
				ENABLE_STRICT_OBJC_MSGSEND = YES;
				ENABLE_TESTABILITY = YES;
				GCC_C_LANGUAGE_STANDARD = gnu11;
				GCC_DYNAMIC_NO_PIC = NO;
				GCC_NO_COMMON_BLOCKS = YES;
				GCC_OPTIMIZATION_LEVEL = 0;
				GCC_PREPROCESSOR_DEFINITIONS = (
					"DEBUG=1",
					"$(inherited)",
				);
				GCC_WARN_64_TO_32_BIT_CONVERSION = YES;
				GCC_WARN_ABOUT_RETURN_TYPE = YES_ERROR;
				GCC_WARN_UNDECLARED_SELECTOR = YES;
				GCC_WARN_UNINITIALIZED_AUTOS = YES_AGGRESSIVE;
				GCC_WARN_UNUSED_FUNCTION = YES;
				GCC_WARN_UNUSED_VARIABLE = YES;
				IPHONEOS_DEPLOYMENT_TARGET = 14.3;
				MTL_ENABLE_DEBUG_INFO = INCLUDE_SOURCE;
				MTL_FAST_MATH = YES;
				ONLY_ACTIVE_ARCH = YES;
				SDKROOT = iphoneos;
				SWIFT_ACTIVE_COMPILATION_CONDITIONS = DEBUG;
				SWIFT_OPTIMIZATION_LEVEL = "-Onone";
			};
			name = Debug;
		};
		9E6914E725B37F7E0040DCBC /* Release */ = {
			isa = XCBuildConfiguration;
			buildSettings = {
				ALWAYS_SEARCH_USER_PATHS = NO;
				CLANG_ANALYZER_NONNULL = YES;
				CLANG_ANALYZER_NUMBER_OBJECT_CONVERSION = YES_AGGRESSIVE;
				CLANG_CXX_LANGUAGE_STANDARD = "gnu++14";
				CLANG_CXX_LIBRARY = "libc++";
				CLANG_ENABLE_MODULES = YES;
				CLANG_ENABLE_OBJC_ARC = YES;
				CLANG_ENABLE_OBJC_WEAK = YES;
				CLANG_WARN_BLOCK_CAPTURE_AUTORELEASING = YES;
				CLANG_WARN_BOOL_CONVERSION = YES;
				CLANG_WARN_COMMA = YES;
				CLANG_WARN_CONSTANT_CONVERSION = YES;
				CLANG_WARN_DEPRECATED_OBJC_IMPLEMENTATIONS = YES;
				CLANG_WARN_DIRECT_OBJC_ISA_USAGE = YES_ERROR;
				CLANG_WARN_DOCUMENTATION_COMMENTS = YES;
				CLANG_WARN_EMPTY_BODY = YES;
				CLANG_WARN_ENUM_CONVERSION = YES;
				CLANG_WARN_INFINITE_RECURSION = YES;
				CLANG_WARN_INT_CONVERSION = YES;
				CLANG_WARN_NON_LITERAL_NULL_CONVERSION = YES;
				CLANG_WARN_OBJC_IMPLICIT_RETAIN_SELF = YES;
				CLANG_WARN_OBJC_LITERAL_CONVERSION = YES;
				CLANG_WARN_OBJC_ROOT_CLASS = YES_ERROR;
				CLANG_WARN_QUOTED_INCLUDE_IN_FRAMEWORK_HEADER = YES;
				CLANG_WARN_RANGE_LOOP_ANALYSIS = YES;
				CLANG_WARN_STRICT_PROTOTYPES = YES;
				CLANG_WARN_SUSPICIOUS_MOVE = YES;
				CLANG_WARN_UNGUARDED_AVAILABILITY = YES_AGGRESSIVE;
				CLANG_WARN_UNREACHABLE_CODE = YES;
				CLANG_WARN__DUPLICATE_METHOD_MATCH = YES;
				COPY_PHASE_STRIP = NO;
				DEBUG_INFORMATION_FORMAT = "dwarf-with-dsym";
				ENABLE_NS_ASSERTIONS = NO;
				ENABLE_STRICT_OBJC_MSGSEND = YES;
				GCC_C_LANGUAGE_STANDARD = gnu11;
				GCC_NO_COMMON_BLOCKS = YES;
				GCC_WARN_64_TO_32_BIT_CONVERSION = YES;
				GCC_WARN_ABOUT_RETURN_TYPE = YES_ERROR;
				GCC_WARN_UNDECLARED_SELECTOR = YES;
				GCC_WARN_UNINITIALIZED_AUTOS = YES_AGGRESSIVE;
				GCC_WARN_UNUSED_FUNCTION = YES;
				GCC_WARN_UNUSED_VARIABLE = YES;
				IPHONEOS_DEPLOYMENT_TARGET = 14.3;
				MTL_ENABLE_DEBUG_INFO = NO;
				MTL_FAST_MATH = YES;
				SDKROOT = iphoneos;
				SWIFT_COMPILATION_MODE = wholemodule;
				SWIFT_OPTIMIZATION_LEVEL = "-O";
				VALIDATE_PRODUCT = YES;
			};
			name = Release;
		};
		9E6914E925B37F7E0040DCBC /* Debug */ = {
			isa = XCBuildConfiguration;
			buildSettings = {
				ASSETCATALOG_COMPILER_APPICON_NAME = AppIcon;
				ASSETCATALOG_COMPILER_GLOBAL_ACCENT_COLOR_NAME = AccentColor;
				CODE_SIGN_STYLE = Automatic;
				DEVELOPMENT_ASSET_PATHS = "\"HuisNow/Preview Content\"";
				DEVELOPMENT_TEAM = KQ7MMUNWNZ;
				ENABLE_PREVIEWS = YES;
				INFOPLIST_FILE = HuisNow/Info.plist;
				IPHONEOS_DEPLOYMENT_TARGET = 14.0;
				LD_RUNPATH_SEARCH_PATHS = (
					"$(inherited)",
					"@executable_path/Frameworks",
				);
				PRODUCT_BUNDLE_IDENTIFIER = com.sjacobsen.HuisNow;
				PRODUCT_NAME = "$(TARGET_NAME)";
				SWIFT_VERSION = 5.0;
				TARGETED_DEVICE_FAMILY = "1,2";
			};
			name = Debug;
		};
		9E6914EA25B37F7E0040DCBC /* Release */ = {
			isa = XCBuildConfiguration;
			buildSettings = {
				ASSETCATALOG_COMPILER_APPICON_NAME = AppIcon;
				ASSETCATALOG_COMPILER_GLOBAL_ACCENT_COLOR_NAME = AccentColor;
				CODE_SIGN_STYLE = Automatic;
				DEVELOPMENT_ASSET_PATHS = "\"HuisNow/Preview Content\"";
				DEVELOPMENT_TEAM = KQ7MMUNWNZ;
				ENABLE_PREVIEWS = YES;
				INFOPLIST_FILE = HuisNow/Info.plist;
				IPHONEOS_DEPLOYMENT_TARGET = 14.0;
				LD_RUNPATH_SEARCH_PATHS = (
					"$(inherited)",
					"@executable_path/Frameworks",
				);
				PRODUCT_BUNDLE_IDENTIFIER = com.sjacobsen.HuisNow;
				PRODUCT_NAME = "$(TARGET_NAME)";
				SWIFT_VERSION = 5.0;
				TARGETED_DEVICE_FAMILY = "1,2";
			};
			name = Release;
		};
/* End XCBuildConfiguration section */

/* Begin XCConfigurationList section */
		9E6914D425B37F7D0040DCBC /* Build configuration list for PBXProject "HuisNow" */ = {
			isa = XCConfigurationList;
			buildConfigurations = (
				9E6914E625B37F7E0040DCBC /* Debug */,
				9E6914E725B37F7E0040DCBC /* Release */,
			);
			defaultConfigurationIsVisible = 0;
			defaultConfigurationName = Release;
		};
		9E6914E825B37F7E0040DCBC /* Build configuration list for PBXNativeTarget "HuisNow" */ = {
			isa = XCConfigurationList;
			buildConfigurations = (
				9E6914E925B37F7E0040DCBC /* Debug */,
				9E6914EA25B37F7E0040DCBC /* Release */,
			);
			defaultConfigurationIsVisible = 0;
			defaultConfigurationName = Release;
		};
/* End XCConfigurationList section */
	};
	rootObject = 9E6914D125B37F7D0040DCBC /* Project object */;
}
